
Microsoft Visual Studio Solution File, Format Version 12.00
# Visual Studio 14
VisualStudioVersion = 14.0.25123.0
MinimumVisualStudioVersion = 10.0.40219.1
Project("{FAE04EC0-301F-11D3-BF4B-00C04F79EFBC}") = "TestRunReportService", "TestRunReportService\TestRunReportService.csproj", "{65302D90-8B5E-4622-A266-0CA4BEFCDBC4}"
EndProject
Project("{FAE04EC0-301F-11D3-BF4B-00C04F79EFBC}") = "TestRunReportRESTService", "TestRunReportRESTService\TestRunReportRESTService.csproj", "{B2412931-39F9-44F3-B076-8CF49541B615}"
EndProject
Global
	GlobalSection(SolutionConfigurationPlatforms) = preSolution
		Debug|Any CPU = Debug|Any CPU
		Release|Any CPU = Release|Any CPU
	EndGlobalSection
	GlobalSection(ProjectConfigurationPlatforms) = postSolution
		{65302D90-8B5E-4622-A266-0CA4BEFCDBC4}.Debug|Any CPU.ActiveCfg = Debug|Any CPU
		{65302D90-8B5E-4622-A266-0CA4BEFCDBC4}.Debug|Any CPU.Build.0 = Debug|Any CPU
		{65302D90-8B5E-4622-A266-0CA4BEFCDBC4}.Release|Any CPU.ActiveCfg = Release|Any CPU
		{65302D90-8B5E-4622-A266-0CA4BEFCDBC4}.Release|Any CPU.Build.0 = Release|Any CPU
		{B2412931-39F9-44F3-B076-8CF49541B615}.Debug|Any CPU.ActiveCfg = Debug|Any CPU
		{B2412931-39F9-44F3-B076-8CF49541B615}.Debug|Any CPU.Build.0 = Debug|Any CPU
		{B2412931-39F9-44F3-B076-8CF49541B615}.Release|Any CPU.ActiveCfg = Release|Any CPU
		{B2412931-39F9-44F3-B076-8CF49541B615}.Release|Any CPU.Build.0 = Release|Any CPU
	EndGlobalSection
	GlobalSection(SolutionProperties) = preSolution
		HideSolutionNode = FALSE
	EndGlobalSection
	GlobalSection(TeamFoundationVersionControl) = preSolution
		SccNumberOfProjects = 3
		SccEnterpriseProvider = {4CA58AB2-18FA-4F8D-95D4-32DDF27D184C}
		SccTeamFoundationServer = https://tatyana-getmanova.visualstudio.com/
		SccLocalPath0 = .
		SccProjectUniqueName1 = TestRunReportService\\TestRunReportService.csproj
		SccProjectName1 = TestRunReportService
		SccLocalPath1 = TestRunReportService
		SccProjectUniqueName2 = TestRunReportRESTService\\TestRunReportRESTService.csproj
		SccProjectName2 = TestRunReportRESTService
		SccLocalPath2 = TestRunReportRESTService
	EndGlobalSection
EndGlobal
